<?xml version="1.0" encoding="utf-8"?>
<Project ToolsVersion="4.0" xmlns="http://schemas.microsoft.com/developer/msbuild/2003">
  <ItemGroup>
    <ClInclude Include="resource.h" />
    <ClInclude Include="Stdafx.h" />
    <ClInclude Include="SampleCallback.h" />
    <ClInclude Include="CapturePreviewNativeState.h" />
    <ClInclude Include="CapturePreviewNative.h" />
  </ItemGroup>
  <ItemGroup>
    <ClCompile Include="AssemblyInfo.cpp" />
    <ClCompile Include="Stdafx.cpp" />
    <ClCompile Include="CapturePreviewNativeState.cpp" />
    <ClCompile Include="CapturePreviewNative.cpp" />
  </ItemGroup>
  <ItemGroup>
    <Image Include="app.ico" />
  </ItemGroup>
  <ItemGroup>
    <ResourceCompile Include="app.rc" />
  </ItemGroup>
</Project>