
Microsoft Visual Studio Solution File, Format Version 12.00
# Visual Studio 2013
VisualStudioVersion = 12.0.31101.0
MinimumVisualStudioVersion = 10.0.40219.1
Project("{8BC9CEB8-8B4A-11D0-8D11-00A0C91BC942}") = "MediaCaptureWPF.Native", "..\MediaCaptureWPF.Native\MediaCaptureWPF.Native.vcxproj", "{21717C88-442C-47EB-94D5-0405CB3CDD9F}"
EndProject
Project("{8BC9CEB8-8B4A-11D0-8D11-00A0C91BC942}") = "MediaSink", "..\MediaSink\MediaSink.vcxproj", "{62AC26B6-1B32-421D-BD24-013B85533626}"
EndProject
Project("{FAE04EC0-301F-11D3-BF4B-00C04F79EFBC}") = "MediaCaptureWPF", "..\MediaCaptureWPF\MediaCaptureWPF.csproj", "{FC9A3BF8-C17B-40E3-9C6A-DEAD52016D7F}"
EndProject
Global
	GlobalSection(SolutionConfigurationPlatforms) = preSolution
		Release|x64 = Release|x64
		Release|x86 = Release|x86
	EndGlobalSection
	GlobalSection(ProjectConfigurationPlatforms) = postSolution
		{21717C88-442C-47EB-94D5-0405CB3CDD9F}.Release|x64.ActiveCfg = Release|x64
		{21717C88-442C-47EB-94D5-0405CB3CDD9F}.Release|x64.Build.0 = Release|x64
		{21717C88-442C-47EB-94D5-0405CB3CDD9F}.Release|x86.ActiveCfg = Release|Win32
		{21717C88-442C-47EB-94D5-0405CB3CDD9F}.Release|x86.Build.0 = Release|Win32
		{62AC26B6-1B32-421D-BD24-013B85533626}.Release|x64.ActiveCfg = Release|x64
		{62AC26B6-1B32-421D-BD24-013B85533626}.Release|x64.Build.0 = Release|x64
		{62AC26B6-1B32-421D-BD24-013B85533626}.Release|x86.ActiveCfg = Release|Win32
		{62AC26B6-1B32-421D-BD24-013B85533626}.Release|x86.Build.0 = Release|Win32
		{FC9A3BF8-C17B-40E3-9C6A-DEAD52016D7F}.Release|x64.ActiveCfg = Release|x64
		{FC9A3BF8-C17B-40E3-9C6A-DEAD52016D7F}.Release|x64.Build.0 = Release|x64
		{FC9A3BF8-C17B-40E3-9C6A-DEAD52016D7F}.Release|x86.ActiveCfg = Release|x86
		{FC9A3BF8-C17B-40E3-9C6A-DEAD52016D7F}.Release|x86.Build.0 = Release|x86
	EndGlobalSection
	GlobalSection(SolutionProperties) = preSolution
		HideSolutionNode = FALSE
	EndGlobalSection
EndGlobal
